{
    "_readme": [
        "This file locks the dependencies of your project to a known state",
        "Read more about it at http://getcomposer.org/doc/01-basic-usage.md#composer-lock-the-lock-file",
        "This file is @generated automatically"
    ],
    "hash": "f34d903d628507353515ade66763a46a",
    "packages": [
        {
            "name": "composer/composer",
            "version": "1.0.0-alpha8",
            "source": {
                "type": "git",
                "url": "https://github.com/composer/composer.git",
                "reference": "1eb1df44a97fb2daca1bb8b007f3bee012f0aa46"
            },
            "dist": {
                "type": "zip",
                "url": "https://api.github.com/repos/composer/composer/zipball/1eb1df44a97fb2daca1bb8b007f3bee012f0aa46",
                "reference": "1eb1df44a97fb2daca1bb8b007f3bee012f0aa46",
                "shasum": ""
            },
            "require": {
                "justinrainbow/json-schema": "1.1.*",
                "php": ">=5.3.2",
                "seld/jsonlint": "1.*",
                "symfony/console": "~2.3",
                "symfony/finder": "~2.2",
                "symfony/process": "~2.1"
            },
            "require-dev": {
                "phpunit/phpunit": "~3.7.10"
            },
            "suggest": {
                "ext-openssl": "Enabling the openssl extension allows you to access https URLs for repositories and packages",
                "ext-zip": "Enabling the zip extension allows you to unzip archives, and allows gzip compression of all internet traffic"
            },
            "bin": [
                "bin/composer"
            ],
            "type": "library",
            "extra": {
                "branch-alias": {
                    "dev-master": "1.0-dev"
                }
            },
            "autoload": {
                "psr-0": {
                    "Composer": "src/"
                }
            },
            "notification-url": "https://packagist.org/downloads/",
            "license": [
                "MIT"
            ],
            "authors": [
                {
                    "name": "Jordi Boggiano",
                    "email": "j.boggiano@seld.be",
                    "homepage": "http://seld.be",
                    "role": "Developer"
                },
                {
                    "name": "Nils Adermann",
                    "email": "naderman@naderman.de",
                    "homepage": "http://www.naderman.de",
                    "role": "Developer"
                }
            ],
            "description": "Dependency Manager",
            "homepage": "http://getcomposer.org/",
            "keywords": [
                "autoload",
                "dependency",
                "package"
            ],
            "time": "2014-01-06 18:39:59"
        },
        {
            "name": "doctrine/inflector",
            "version": "v1.0",
            "source": {
                "type": "git",
                "url": "https://github.com/doctrine/inflector.git",
                "reference": "54b8333d2a5682afdc690060c1cf384ba9f47f08"
            },
            "dist": {
                "type": "zip",
                "url": "https://api.github.com/repos/doctrine/inflector/zipball/54b8333d2a5682afdc690060c1cf384ba9f47f08",
                "reference": "54b8333d2a5682afdc690060c1cf384ba9f47f08",
                "shasum": ""
            },
            "require": {
                "php": ">=5.3.2"
            },
            "type": "library",
            "autoload": {
                "psr-0": {
                    "Doctrine\\Common\\Inflector\\": "lib/"
                }
            },
            "notification-url": "https://packagist.org/downloads/",
            "license": [
                "MIT"
            ],
            "authors": [
                {
                    "name": "Jonathan Wage",
                    "email": "jonwage@gmail.com",
                    "homepage": "http://www.jwage.com/",
                    "role": "Creator"
                },
                {
                    "name": "Guilherme Blanco",
                    "email": "guilhermeblanco@gmail.com",
                    "homepage": "http://www.instaclick.com"
                },
                {
                    "name": "Roman Borschel",
                    "email": "roman@code-factory.org"
                },
                {
                    "name": "Benjamin Eberlei",
                    "email": "kontakt@beberlei.de"
                },
                {
                    "name": "Johannes Schmitt",
                    "email": "schmittjoh@gmail.com",
                    "homepage": "https://github.com/schmittjoh",
                    "role": "Developer of wrapped JMSSerializerBundle"
                }
            ],
            "description": "Common String Manipulations with regard to casing and singular/plural rules.",
            "homepage": "http://www.doctrine-project.org",
            "keywords": [
                "inflection",
                "pluarlize",
                "singuarlize",
                "string"
            ],
            "time": "2013-01-10 21:49:15"
        },
        {
            "name": "guzzle/common",
            "version": "v3.9.2",
            "target-dir": "Guzzle/Common",
            "source": {
                "type": "git",
                "url": "https://github.com/guzzle/common.git",
                "reference": "2e36af7cf2ce3ea1f2d7c2831843b883a8e7b7dc"
            },
            "dist": {
                "type": "zip",
                "url": "https://api.github.com/repos/guzzle/common/zipball/2e36af7cf2ce3ea1f2d7c2831843b883a8e7b7dc",
                "reference": "2e36af7cf2ce3ea1f2d7c2831843b883a8e7b7dc",
                "shasum": ""
            },
            "require": {
                "php": ">=5.3.2",
                "symfony/event-dispatcher": ">=2.1"
            },
            "type": "library",
            "extra": {
                "branch-alias": {
                    "dev-master": "3.7-dev"
                }
            },
            "autoload": {
                "psr-0": {
                    "Guzzle\\Common": ""
                }
            },
            "notification-url": "https://packagist.org/downloads/",
            "license": [
                "MIT"
            ],
            "description": "Common libraries used by Guzzle",
            "homepage": "http://guzzlephp.org/",
            "keywords": [
                "collection",
                "common",
                "event",
                "exception"
            ],
            "time": "2014-08-11 04:32:36"
        },
        {
            "name": "guzzle/http",
            "version": "v3.9.2",
            "target-dir": "Guzzle/Http",
            "source": {
                "type": "git",
                "url": "https://github.com/guzzle/http.git",
                "reference": "1e8dd1e2ba9dc42332396f39fbfab950b2301dc5"
            },
            "dist": {
                "type": "zip",
                "url": "https://api.github.com/repos/guzzle/http/zipball/1e8dd1e2ba9dc42332396f39fbfab950b2301dc5",
                "reference": "1e8dd1e2ba9dc42332396f39fbfab950b2301dc5",
                "shasum": ""
            },
            "require": {
                "guzzle/common": "self.version",
                "guzzle/parser": "self.version",
                "guzzle/stream": "self.version",
                "php": ">=5.3.2"
            },
            "suggest": {
                "ext-curl": "*"
            },
            "type": "library",
            "extra": {
                "branch-alias": {
                    "dev-master": "3.7-dev"
                }
            },
            "autoload": {
                "psr-0": {
                    "Guzzle\\Http": ""
                }
            },
            "notification-url": "https://packagist.org/downloads/",
            "license": [
                "MIT"
            ],
            "authors": [
                {
                    "name": "Michael Dowling",
                    "email": "mtdowling@gmail.com",
                    "homepage": "https://github.com/mtdowling"
                }
            ],
            "description": "HTTP libraries used by Guzzle",
            "homepage": "http://guzzlephp.org/",
            "keywords": [
                "Guzzle",
                "client",
                "curl",
                "http",
                "http client"
            ],
            "time": "2014-08-11 04:32:36"
        },
        {
            "name": "guzzle/parser",
            "version": "v3.9.2",
            "target-dir": "Guzzle/Parser",
            "source": {
                "type": "git",
                "url": "https://github.com/guzzle/parser.git",
                "reference": "6874d171318a8e93eb6d224cf85e4678490b625c"
            },
            "dist": {
                "type": "zip",
                "url": "https://api.github.com/repos/guzzle/parser/zipball/6874d171318a8e93eb6d224cf85e4678490b625c",
                "reference": "6874d171318a8e93eb6d224cf85e4678490b625c",
                "shasum": ""
            },
            "require": {
                "php": ">=5.3.2"
            },
            "type": "library",
            "extra": {
                "branch-alias": {
                    "dev-master": "3.7-dev"
                }
            },
            "autoload": {
                "psr-0": {
                    "Guzzle\\Parser": ""
                }
            },
            "notification-url": "https://packagist.org/downloads/",
            "license": [
                "MIT"
            ],
            "description": "Interchangeable parsers used by Guzzle",
            "homepage": "http://guzzlephp.org/",
            "keywords": [
                "URI Template",
                "cookie",
                "http",
                "message",
                "url"
            ],
            "time": "2014-02-05 18:29:46"
        },
        {
            "name": "guzzle/stream",
            "version": "v3.9.2",
            "target-dir": "Guzzle/Stream",
            "source": {
                "type": "git",
                "url": "https://github.com/guzzle/stream.git",
                "reference": "60c7fed02e98d2c518dae8f97874c8f4622100f0"
            },
            "dist": {
                "type": "zip",
                "url": "https://api.github.com/repos/guzzle/stream/zipball/60c7fed02e98d2c518dae8f97874c8f4622100f0",
                "reference": "60c7fed02e98d2c518dae8f97874c8f4622100f0",
                "shasum": ""
            },
            "require": {
                "guzzle/common": "self.version",
                "php": ">=5.3.2"
            },
            "suggest": {
                "guzzle/http": "To convert Guzzle request objects to PHP streams"
            },
            "type": "library",
            "extra": {
                "branch-alias": {
                    "dev-master": "3.7-dev"
                }
            },
            "autoload": {
                "psr-0": {
                    "Guzzle\\Stream": ""
                }
            },
            "notification-url": "https://packagist.org/downloads/",
            "license": [
                "MIT"
            ],
            "authors": [
                {
                    "name": "Michael Dowling",
                    "email": "mtdowling@gmail.com",
                    "homepage": "https://github.com/mtdowling"
                }
            ],
            "description": "Guzzle stream wrapper component",
            "homepage": "http://guzzlephp.org/",
            "keywords": [
                "Guzzle",
                "component",
                "stream"
            ],
            "time": "2014-05-01 21:36:02"
        },
        {
            "name": "justinrainbow/json-schema",
            "version": "1.1.0",
            "source": {
                "type": "git",
                "url": "https://github.com/justinrainbow/json-schema.git",
                "reference": "05ff6d8d79fe3ad190b0663d80d3f9deee79416c"
            },
            "dist": {
                "type": "zip",
                "url": "https://api.github.com/repos/justinrainbow/json-schema/zipball/05ff6d8d79fe3ad190b0663d80d3f9deee79416c",
                "reference": "05ff6d8d79fe3ad190b0663d80d3f9deee79416c",
                "shasum": ""
            },
            "require": {
                "php": ">=5.3.0"
            },
            "type": "library",
            "autoload": {
                "psr-0": {
                    "JsonSchema": "src/"
                }
            },
            "notification-url": "https://packagist.org/downloads/",
            "license": [
                "NewBSD"
            ],
            "authors": [
                {
                    "name": "Igor Wiedler",
                    "email": "igor@wiedler.ch",
                    "homepage": "http://wiedler.ch/igor/"
                },
                {
                    "name": "Bruno Prieto Reis",
                    "email": "bruno.p.reis@gmail.com"
                },
                {
                    "name": "Justin Rainbow",
                    "email": "justin.rainbow@gmail.com"
                },
                {
                    "name": "Robert Schönthal",
                    "email": "robert.schoenthal@gmail.com",
                    "homepage": "http://digitalkaoz.net"
                }
            ],
            "description": "A library to validate a json schema.",
            "homepage": "https://github.com/justinrainbow/json-schema",
            "keywords": [
                "json",
                "schema"
            ],
            "time": "2012-01-03 00:33:17"
        },
        {
            "name": "knplabs/packagist-api",
            "version": "dev-master",
            "source": {
                "type": "git",
                "url": "https://github.com/KnpLabs/packagist-api.git",
                "reference": "22eef9dfc163da33e78af2ae1487966774b54db5"
            },
            "dist": {
                "type": "zip",
                "url": "https://api.github.com/repos/KnpLabs/packagist-api/zipball/22eef9dfc163da33e78af2ae1487966774b54db5",
                "reference": "22eef9dfc163da33e78af2ae1487966774b54db5",
                "shasum": ""
            },
            "require": {
                "doctrine/inflector": "~1.0",
                "guzzle/http": "~3.0",
                "php": ">=5.3.2"
            },
            "require-dev": {
                "phpspec/php-diff": "*@dev",
                "phpspec/phpspec": "~2.0"
            },
            "type": "library",
            "extra": {
                "branch-alias": {
                    "dev-master": "1.x-dev"
                }
            },
            "autoload": {
                "psr-0": {
                    "Packagist\\Api\\": "src/"
                }
            },
            "notification-url": "https://packagist.org/downloads/",
            "license": [
                "MIT"
            ],
            "authors": [
                {
                    "name": "KnpLabs Team",
                    "homepage": "http://knplabs.com"
                }
            ],
            "description": "Packagist API client.",
            "homepage": "http://knplabs.com",
            "keywords": [
                "api",
                "composer",
                "packagist"
            ],
            "time": "2014-09-17 13:49:46"
        },
        {
            "name": "pimcore/installer-plugin",
            "version": "1.3.0",
            "source": {
                "type": "git",
                "url": "https://github.com/pimcore/composer-installer-plugin.git",
                "reference": "4e9219a389a422dedc7ad4670224983061a6ebbb"
            },
            "dist": {
                "type": "zip",
                "url": "https://api.github.com/repos/pimcore/composer-installer-plugin/zipball/4e9219a389a422dedc7ad4670224983061a6ebbb",
                "reference": "4e9219a389a422dedc7ad4670224983061a6ebbb",
                "shasum": ""
            },
            "type": "composer-installer",
            "extra": {
                "class": "Pimcore\\Composer\\PluginInstaller"
            },
            "autoload": {
                "psr-0": {
                    "Pimcore\\Composer\\": "src/"
                }
            },
            "notification-url": "https://packagist.org/downloads/",
            "license": [
                "BSD-3-Clause"
            ],
            "authors": [
                {
                    "name": "pimcore Team",
                    "email": "info@pimcore.com",
                    "homepage": "http://www.pimcore.org/",
                    "role": "Developer"
                }
            ],
            "description": "A custom composer installer for pimcore - plugins",
            "homepage": "http://www.pimcore.org/",
            "keywords": [
                "installer",
                "pimcore",
                "plugin"
            ],
            "time": "2014-08-04 10:32:41"
        },
        {
            "name": "seld/jsonlint",
            "version": "1.3.0",
            "source": {
                "type": "git",
                "url": "https://github.com/Seldaek/jsonlint.git",
                "reference": "a7bc2ec9520ad15382292591b617c43bdb1fec35"
            },
            "dist": {
                "type": "zip",
                "url": "https://api.github.com/repos/Seldaek/jsonlint/zipball/a7bc2ec9520ad15382292591b617c43bdb1fec35",
                "reference": "a7bc2ec9520ad15382292591b617c43bdb1fec35",
                "shasum": ""
            },
            "require": {
                "php": ">=5.3.0"
            },
            "bin": [
                "bin/jsonlint"
            ],
            "type": "library",
            "autoload": {
                "psr-4": {
                    "Seld\\JsonLint\\": "src/Seld/JsonLint/"
                }
            },
            "notification-url": "https://packagist.org/downloads/",
            "license": [
                "MIT"
            ],
            "authors": [
                {
                    "name": "Jordi Boggiano",
                    "email": "j.boggiano@seld.be",
                    "homepage": "http://seld.be"
                }
            ],
            "description": "JSON Linter",
            "keywords": [
                "json",
                "linter",
                "parser",
                "validator"
            ],
            "time": "2014-09-05 15:36:20"
        },
        {
            "name": "symfony/console",
            "version": "v2.5.5",
            "target-dir": "Symfony/Component/Console",
            "source": {
                "type": "git",
                "url": "https://github.com/symfony/Console.git",
                "reference": "ca053eaa031c93afb68a71e4eb1f4168dfd4a661"
            },
            "dist": {
                "type": "zip",
                "url": "https://api.github.com/repos/symfony/Console/zipball/ca053eaa031c93afb68a71e4eb1f4168dfd4a661",
                "reference": "ca053eaa031c93afb68a71e4eb1f4168dfd4a661",
                "shasum": ""
            },
            "require": {
                "php": ">=5.3.3"
            },
            "require-dev": {
                "psr/log": "~1.0",
                "symfony/event-dispatcher": "~2.1"
            },
            "suggest": {
                "psr/log": "For using the console logger",
                "symfony/event-dispatcher": ""
            },
            "type": "library",
            "extra": {
                "branch-alias": {
                    "dev-master": "2.5-dev"
                }
            },
            "autoload": {
                "psr-0": {
                    "Symfony\\Component\\Console\\": ""
                }
            },
            "notification-url": "https://packagist.org/downloads/",
            "license": [
                "MIT"
            ],
            "authors": [
                {
                    "name": "Symfony Community",
                    "homepage": "http://symfony.com/contributors"
                },
                {
                    "name": "Fabien Potencier",
                    "email": "fabien@symfony.com"
                }
            ],
            "description": "Symfony Console Component",
            "homepage": "http://symfony.com",
            "time": "2014-09-25 09:53:56"
        },
        {
            "name": "symfony/event-dispatcher",
            "version": "v2.5.5",
            "target-dir": "Symfony/Component/EventDispatcher",
            "source": {
                "type": "git",
                "url": "https://github.com/symfony/EventDispatcher.git",
                "reference": "f6281337bf5f985f585d1db6a83adb05ce531f46"
            },
            "dist": {
                "type": "zip",
                "url": "https://api.github.com/repos/symfony/EventDispatcher/zipball/f6281337bf5f985f585d1db6a83adb05ce531f46",
                "reference": "f6281337bf5f985f585d1db6a83adb05ce531f46",
                "shasum": ""
            },
            "require": {
                "php": ">=5.3.3"
            },
            "require-dev": {
                "psr/log": "~1.0",
                "symfony/config": "~2.0",
                "symfony/dependency-injection": "~2.0,<2.6.0",
                "symfony/stopwatch": "~2.2"
            },
            "suggest": {
                "symfony/dependency-injection": "",
                "symfony/http-kernel": ""
            },
            "type": "library",
            "extra": {
                "branch-alias": {
                    "dev-master": "2.5-dev"
                }
            },
            "autoload": {
                "psr-0": {
                    "Symfony\\Component\\EventDispatcher\\": ""
                }
            },
            "notification-url": "https://packagist.org/downloads/",
            "license": [
                "MIT"
            ],
            "authors": [
                {
                    "name": "Symfony Community",
                    "homepage": "http://symfony.com/contributors"
                },
                {
                    "name": "Fabien Potencier",
                    "email": "fabien@symfony.com"
                }
            ],
            "description": "Symfony EventDispatcher Component",
            "homepage": "http://symfony.com",
            "time": "2014-09-28 15:56:11"
        },
        {
            "name": "symfony/finder",
            "version": "v2.5.5",
            "target-dir": "Symfony/Component/Finder",
            "source": {
                "type": "git",
                "url": "https://github.com/symfony/Finder.git",
                "reference": "d5033742b9a6206ef6d06e813870bca18e9205df"
            },
            "dist": {
                "type": "zip",
                "url": "https://api.github.com/repos/symfony/Finder/zipball/d5033742b9a6206ef6d06e813870bca18e9205df",
                "reference": "d5033742b9a6206ef6d06e813870bca18e9205df",
                "shasum": ""
            },
            "require": {
                "php": ">=5.3.3"
            },
            "type": "library",
            "extra": {
                "branch-alias": {
                    "dev-master": "2.5-dev"
                }
            },
            "autoload": {
                "psr-0": {
                    "Symfony\\Component\\Finder\\": ""
                }
            },
            "notification-url": "https://packagist.org/downloads/",
            "license": [
                "MIT"
            ],
            "authors": [
                {
                    "name": "Symfony Community",
                    "homepage": "http://symfony.com/contributors"
                },
                {
                    "name": "Fabien Potencier",
                    "email": "fabien@symfony.com"
                }
            ],
            "description": "Symfony Finder Component",
            "homepage": "http://symfony.com",
            "time": "2014-09-27 08:35:39"
        },
        {
            "name": "symfony/process",
            "version": "v2.5.5",
            "target-dir": "Symfony/Component/Process",
            "source": {
                "type": "git",
                "url": "https://github.com/symfony/Process.git",
                "reference": "8a1ec96c4e519cee0fb971ea48a1eb7369dda54b"
            },
            "dist": {
                "type": "zip",
                "url": "https://api.github.com/repos/symfony/Process/zipball/8a1ec96c4e519cee0fb971ea48a1eb7369dda54b",
                "reference": "8a1ec96c4e519cee0fb971ea48a1eb7369dda54b",
                "shasum": ""
            },
            "require": {
                "php": ">=5.3.3"
            },
            "type": "library",
            "extra": {
                "branch-alias": {
                    "dev-master": "2.5-dev"
                }
            },
            "autoload": {
                "psr-0": {
                    "Symfony\\Component\\Process\\": ""
                }
            },
            "notification-url": "https://packagist.org/downloads/",
            "license": [
                "MIT"
            ],
            "authors": [
                {
                    "name": "Symfony Community",
                    "homepage": "http://symfony.com/contributors"
                },
                {
                    "name": "Fabien Potencier",
                    "email": "fabien@symfony.com"
                }
            ],
            "description": "Symfony Process Component",
            "homepage": "http://symfony.com",
            "time": "2014-09-23 05:25:11"
        }
    ],
    "packages-dev": [],
    "aliases": [],
    "minimum-stability": "stable",
    "stability-flags": {
        "composer/composer": 15,
        "knplabs/packagist-api": 20
    },
    "prefer-stable": false,
    "platform": [],
    "platform-dev": []
}
